// !$*UTF8*$!
{
	archiveVersion = 1;
	classes = {
	};
	objectVersion = 56;
	objects = {

/* Begin PBXBuildFile section */
		E2377AEB2AEAE77200044E82 /* HomeViewModel.swift in Sources */ = {isa = PBXBuildFile; fileRef = E2377AEA2AEAE77200044E82 /* HomeViewModel.swift */; };
		E2480C4F2AE94EB3007F7C66 /* AppDelegate.swift in Sources */ = {isa = PBXBuildFile; fileRef = E2480C4E2AE94EB3007F7C66 /* AppDelegate.swift */; };
		E2480C532AE94EB3007F7C66 /* HomeViewController.swift in Sources */ = {isa = PBXBuildFile; fileRef = E2480C522AE94EB3007F7C66 /* HomeViewController.swift */; };
		E2480C582AE94EB4007F7C66 /* Assets.xcassets in Resources */ = {isa = PBXBuildFile; fileRef = E2480C572AE94EB4007F7C66 /* Assets.xcassets */; };
		E2480C5B2AE94EB4007F7C66 /* LaunchScreen.storyboard in Resources */ = {isa = PBXBuildFile; fileRef = E2480C592AE94EB4007F7C66 /* LaunchScreen.storyboard */; };
		E2480C682AE95195007F7C66 /* HomeView.swift in Sources */ = {isa = PBXBuildFile; fileRef = E2480C672AE95195007F7C66 /* HomeView.swift */; };
		E2480C6A2AE954D1007F7C66 /* HomeTableViewCell.swift in Sources */ = {isa = PBXBuildFile; fileRef = E2480C692AE954D1007F7C66 /* HomeTableViewCell.swift */; };
		E2480C6D2AE95AF8007F7C66 /* DataPokeCard.swift in Sources */ = {isa = PBXBuildFile; fileRef = E2480C6C2AE95AF8007F7C66 /* DataPokeCard.swift */; };
		E2480C702AE960AF007F7C66 /* Cards.swift in Sources */ = {isa = PBXBuildFile; fileRef = E2480C6F2AE960AF007F7C66 /* Cards.swift */; };
		E2480C732AE98539007F7C66 /* CardViewController.swift in Sources */ = {isa = PBXBuildFile; fileRef = E2480C722AE98539007F7C66 /* CardViewController.swift */; };
		E2480C752AE98540007F7C66 /* CardView.swift in Sources */ = {isa = PBXBuildFile; fileRef = E2480C742AE98540007F7C66 /* CardView.swift */; };
/* End PBXBuildFile section */

/* Begin PBXFileReference section */
		E2377AEA2AEAE77200044E82 /* HomeViewModel.swift */ = {isa = PBXFileReference; lastKnownFileType = sourcecode.swift; path = HomeViewModel.swift; sourceTree = "<group>"; };
		E2480C4B2AE94EB3007F7C66 /* PokeCard.app */ = {isa = PBXFileReference; explicitFileType = wrapper.application; includeInIndex = 0; path = PokeCard.app; sourceTree = BUILT_PRODUCTS_DIR; };
		E2480C4E2AE94EB3007F7C66 /* AppDelegate.swift */ = {isa = PBXFileReference; lastKnownFileType = sourcecode.swift; path = AppDelegate.swift; sourceTree = "<group>"; };
		E2480C522AE94EB3007F7C66 /* HomeViewController.swift */ = {isa = PBXFileReference; lastKnownFileType = sourcecode.swift; path = HomeViewController.swift; sourceTree = "<group>"; };
		E2480C572AE94EB4007F7C66 /* Assets.xcassets */ = {isa = PBXFileReference; lastKnownFileType = folder.assetcatalog; path = Assets.xcassets; sourceTree = "<group>"; };
		E2480C5A2AE94EB4007F7C66 /* Base */ = {isa = PBXFileReference; lastKnownFileType = file.storyboard; name = Base; path = Base.lproj/LaunchScreen.storyboard; sourceTree = "<group>"; };
		E2480C5C2AE94EB4007F7C66 /* Info.plist */ = {isa = PBXFileReference; lastKnownFileType = text.plist.xml; path = Info.plist; sourceTree = "<group>"; };
		E2480C672AE95195007F7C66 /* HomeView.swift */ = {isa = PBXFileReference; lastKnownFileType = sourcecode.swift; path = HomeView.swift; sourceTree = "<group>"; };
		E2480C692AE954D1007F7C66 /* HomeTableViewCell.swift */ = {isa = PBXFileReference; lastKnownFileType = sourcecode.swift; path = HomeTableViewCell.swift; sourceTree = "<group>"; };
		E2480C6C2AE95AF8007F7C66 /* DataPokeCard.swift */ = {isa = PBXFileReference; lastKnownFileType = sourcecode.swift; path = DataPokeCard.swift; sourceTree = "<group>"; };
		E2480C6F2AE960AF007F7C66 /* Cards.swift */ = {isa = PBXFileReference; lastKnownFileType = sourcecode.swift; path = Cards.swift; sourceTree = "<group>"; };
		E2480C722AE98539007F7C66 /* CardViewController.swift */ = {isa = PBXFileReference; lastKnownFileType = sourcecode.swift; path = CardViewController.swift; sourceTree = "<group>"; };
		E2480C742AE98540007F7C66 /* CardView.swift */ = {isa = PBXFileReference; lastKnownFileType = sourcecode.swift; path = CardView.swift; sourceTree = "<group>"; };
/* End PBXFileReference section */

/* Begin PBXFrameworksBuildPhase section */
		E2480C482AE94EB3007F7C66 /* Frameworks */ = {
			isa = PBXFrameworksBuildPhase;
			buildActionMask = 2147483647;
			files = (
			);
			runOnlyForDeploymentPostprocessing = 0;
		};
/* End PBXFrameworksBuildPhase section */

/* Begin PBXGroup section */
		E2480C422AE94EB3007F7C66 = {
			isa = PBXGroup;
			children = (
				E2480C4D2AE94EB3007F7C66 /* PokeCard */,
				E2480C4C2AE94EB3007F7C66 /* Products */,
			);
			sourceTree = "<group>";
		};
		E2480C4C2AE94EB3007F7C66 /* Products */ = {
			isa = PBXGroup;
			children = (
				E2480C4B2AE94EB3007F7C66 /* PokeCard.app */,
			);
			name = Products;
			sourceTree = "<group>";
		};
		E2480C4D2AE94EB3007F7C66 /* PokeCard */ = {
			isa = PBXGroup;
			children = (
				E2480C6E2AE960A0007F7C66 /* Model */,
				E2480C622AE950A2007F7C66 /* Application */,
				E2480C632AE950BB007F7C66 /* Extension */,
				E2480C642AE950C6007F7C66 /* Resource */,
				E2480C652AE950CD007F7C66 /* Scenes */,
				E2480C6B2AE95ABF007F7C66 /* Service */,
				E2480C5C2AE94EB4007F7C66 /* Info.plist */,
			);
			path = PokeCard;
			sourceTree = "<group>";
		};
		E2480C622AE950A2007F7C66 /* Application */ = {
			isa = PBXGroup;
			children = (
				E2480C4E2AE94EB3007F7C66 /* AppDelegate.swift */,
			);
			path = Application;
			sourceTree = "<group>";
		};
		E2480C632AE950BB007F7C66 /* Extension */ = {
			isa = PBXGroup;
			children = (
			);
			path = Extension;
			sourceTree = "<group>";
		};
		E2480C642AE950C6007F7C66 /* Resource */ = {
			isa = PBXGroup;
			children = (
				E2480C572AE94EB4007F7C66 /* Assets.xcassets */,
				E2480C592AE94EB4007F7C66 /* LaunchScreen.storyboard */,
			);
			path = Resource;
			sourceTree = "<group>";
		};
		E2480C652AE950CD007F7C66 /* Scenes */ = {
			isa = PBXGroup;
			children = (
				E2480C712AE98525007F7C66 /* Card */,
				E2480C662AE9516B007F7C66 /* Home */,
			);
			path = Scenes;
			sourceTree = "<group>";
		};
		E2480C662AE9516B007F7C66 /* Home */ = {
			isa = PBXGroup;
			children = (
				E2480C522AE94EB3007F7C66 /* HomeViewController.swift */,
				E2377AEA2AEAE77200044E82 /* HomeViewModel.swift */,
				E2480C672AE95195007F7C66 /* HomeView.swift */,
				E2480C692AE954D1007F7C66 /* HomeTableViewCell.swift */,
			);
			path = Home;
			sourceTree = "<group>";
		};
		E2480C6B2AE95ABF007F7C66 /* Service */ = {
			isa = PBXGroup;
			children = (
				E2480C6C2AE95AF8007F7C66 /* DataPokeCard.swift */,
			);
			path = Service;
			sourceTree = "<group>";
		};
		E2480C6E2AE960A0007F7C66 /* Model */ = {
			isa = PBXGroup;
			children = (
				E2480C6F2AE960AF007F7C66 /* Cards.swift */,
			);
			path = Model;
			sourceTree = "<group>";
		};
		E2480C712AE98525007F7C66 /* Card */ = {
			isa = PBXGroup;
			children = (
				E2480C722AE98539007F7C66 /* CardViewController.swift */,
				E2480C742AE98540007F7C66 /* CardView.swift */,
			);
			path = Card;
			sourceTree = "<group>";
		};
/* End PBXGroup section */

/* Begin PBXNativeTarget section */
		E2480C4A2AE94EB3007F7C66 /* PokeCard */ = {
			isa = PBXNativeTarget;
			buildConfigurationList = E2480C5F2AE94EB4007F7C66 /* Build configuration list for PBXNativeTarget "PokeCard" */;
			buildPhases = (
				E2480C472AE94EB3007F7C66 /* Sources */,
				E2480C482AE94EB3007F7C66 /* Frameworks */,
				E2480C492AE94EB3007F7C66 /* Resources */,
			);
			buildRules = (
			);
			dependencies = (
			);
			name = PokeCard;
			productName = PokeCard;
			productReference = E2480C4B2AE94EB3007F7C66 /* PokeCard.app */;
			productType = "com.apple.product-type.application";
		};
/* End PBXNativeTarget section */

/* Begin PBXProject section */
		E2480C432AE94EB3007F7C66 /* Project object */ = {
			isa = PBXProject;
			attributes = {
				BuildIndependentTargetsInParallel = 1;
				LastSwiftUpdateCheck = 1500;
				LastUpgradeCheck = 1500;
				TargetAttributes = {
					E2480C4A2AE94EB3007F7C66 = {
						CreatedOnToolsVersion = 15.0;
					};
				};
			};
			buildConfigurationList = E2480C462AE94EB3007F7C66 /* Build configuration list for PBXProject "PokeCard" */;
			compatibilityVersion = "Xcode 14.0";
			developmentRegion = en;
			hasScannedForEncodings = 0;
			knownRegions = (
				en,
				Base,
			);
			mainGroup = E2480C422AE94EB3007F7C66;
			productRefGroup = E2480C4C2AE94EB3007F7C66 /* Products */;
			projectDirPath = "";
			projectRoot = "";
			targets = (
				E2480C4A2AE94EB3007F7C66 /* PokeCard */,
			);
		};
/* End PBXProject section */

/* Begin PBXResourcesBuildPhase section */
		E2480C492AE94EB3007F7C66 /* Resources */ = {
			isa = PBXResourcesBuildPhase;
			buildActionMask = 2147483647;
			files = (
				E2480C5B2AE94EB4007F7C66 /* LaunchScreen.storyboard in Resources */,
				E2480C582AE94EB4007F7C66 /* Assets.xcassets in Resources */,
			);
			runOnlyForDeploymentPostprocessing = 0;
		};
/* End PBXResourcesBuildPhase section */

/* Begin PBXSourcesBuildPhase section */
		E2480C472AE94EB3007F7C66 /* Sources */ = {
			isa = PBXSourcesBuildPhase;
			buildActionMask = 2147483647;
			files = (
				E2480C682AE95195007F7C66 /* HomeView.swift in Sources */,
				E2377AEB2AEAE77200044E82 /* HomeViewModel.swift in Sources */,
				E2480C732AE98539007F7C66 /* CardViewController.swift in Sources */,
				E2480C532AE94EB3007F7C66 /* HomeViewController.swift in Sources */,
				E2480C702AE960AF007F7C66 /* Cards.swift in Sources */,
				E2480C6A2AE954D1007F7C66 /* HomeTableViewCell.swift in Sources */,
				E2480C4F2AE94EB3007F7C66 /* AppDelegate.swift in Sources */,
				E2480C752AE98540007F7C66 /* CardView.swift in Sources */,
				E2480C6D2AE95AF8007F7C66 /* DataPokeCard.swift in Sources */,
			);
			runOnlyForDeploymentPostprocessing = 0;
		};
/* End PBXSourcesBuildPhase section */

/* Begin PBXVariantGroup section */
		E2480C592AE94EB4007F7C66 /* LaunchScreen.storyboard */ = {
			isa = PBXVariantGroup;
			children = (
				E2480C5A2AE94EB4007F7C66 /* Base */,
			);
			name = LaunchScreen.storyboard;
			sourceTree = "<group>";
		};
/* End PBXVariantGroup section */

/* Begin XCBuildConfiguration section */
		E2480C5D2AE94EB4007F7C66 /* Debug */ = {
			isa = XCBuildConfiguration;
			buildSettings = {
				ALWAYS_SEARCH_USER_PATHS = NO;
				ASSETCATALOG_COMPILER_GENERATE_SWIFT_ASSET_SYMBOL_EXTENSIONS = YES;
				CLANG_ANALYZER_NONNULL = YES;
				CLANG_ANALYZER_NUMBER_OBJECT_CONVERSION = YES_AGGRESSIVE;
				CLANG_CXX_LANGUAGE_STANDARD = "gnu++20";
				CLANG_ENABLE_MODULES = YES;
				CLANG_ENABLE_OBJC_ARC = YES;
				CLANG_ENABLE_OBJC_WEAK = YES;
				CLANG_WARN_BLOCK_CAPTURE_AUTORELEASING = YES;
				CLANG_WARN_BOOL_CONVERSION = YES;
				CLANG_WARN_COMMA = YES;
				CLANG_WARN_CONSTANT_CONVERSION = YES;
				CLANG_WARN_DEPRECATED_OBJC_IMPLEMENTATIONS = YES;
				CLANG_WARN_DIRECT_OBJC_ISA_USAGE = YES_ERROR;
				CLANG_WARN_DOCUMENTATION_COMMENTS = YES;
				CLANG_WARN_EMPTY_BODY = YES;
				CLANG_WARN_ENUM_CONVERSION = YES;
				CLANG_WARN_INFINITE_RECURSION = YES;
				CLANG_WARN_INT_CONVERSION = YES;
				CLANG_WARN_NON_LITERAL_NULL_CONVERSION = YES;
				CLANG_WARN_OBJC_IMPLICIT_RETAIN_SELF = YES;
				CLANG_WARN_OBJC_LITERAL_CONVERSION = YES;
				CLANG_WARN_OBJC_ROOT_CLASS = YES_ERROR;
				CLANG_WARN_QUOTED_INCLUDE_IN_FRAMEWORK_HEADER = YES;
				CLANG_WARN_RANGE_LOOP_ANALYSIS = YES;
				CLANG_WARN_STRICT_PROTOTYPES = YES;
				CLANG_WARN_SUSPICIOUS_MOVE = YES;
				CLANG_WARN_UNGUARDED_AVAILABILITY = YES_AGGRESSIVE;
				CLANG_WARN_UNREACHABLE_CODE = YES;
				CLANG_WARN__DUPLICATE_METHOD_MATCH = YES;
				COPY_PHASE_STRIP = NO;
				DEBUG_INFORMATION_FORMAT = dwarf;
				ENABLE_STRICT_OBJC_MSGSEND = YES;
				ENABLE_TESTABILITY = YES;
				ENABLE_USER_SCRIPT_SANDBOXING = YES;
				GCC_C_LANGUAGE_STANDARD = gnu17;
				GCC_DYNAMIC_NO_PIC = NO;
				GCC_NO_COMMON_BLOCKS = YES;
				GCC_OPTIMIZATION_LEVEL = 0;
				GCC_PREPROCESSOR_DEFINITIONS = (
					"DEBUG=1",
					"$(inherited)",
				);
				GCC_WARN_64_TO_32_BIT_CONVERSION = YES;
				GCC_WARN_ABOUT_RETURN_TYPE = YES_ERROR;
				GCC_WARN_UNDECLARED_SELECTOR = YES;
				GCC_WARN_UNINITIALIZED_AUTOS = YES_AGGRESSIVE;
				GCC_WARN_UNUSED_FUNCTION = YES;
				GCC_WARN_UNUSED_VARIABLE = YES;
				IPHONEOS_DEPLOYMENT_TARGET = 17.0;
				LOCALIZATION_PREFERS_STRING_CATALOGS = YES;
				MTL_ENABLE_DEBUG_INFO = INCLUDE_SOURCE;
				MTL_FAST_MATH = YES;
				ONLY_ACTIVE_ARCH = YES;
				SDKROOT = iphoneos;
				SWIFT_ACTIVE_COMPILATION_CONDITIONS = "DEBUG $(inherited)";
				SWIFT_OPTIMIZATION_LEVEL = "-Onone";
			};
			name = Debug;
		};
		E2480C5E2AE94EB4007F7C66 /* Release */ = {
			isa = XCBuildConfiguration;
			buildSettings = {
				ALWAYS_SEARCH_USER_PATHS = NO;
				ASSETCATALOG_COMPILER_GENERATE_SWIFT_ASSET_SYMBOL_EXTENSIONS = YES;
				CLANG_ANALYZER_NONNULL = YES;
				CLANG_ANALYZER_NUMBER_OBJECT_CONVERSION = YES_AGGRESSIVE;
				CLANG_CXX_LANGUAGE_STANDARD = "gnu++20";
				CLANG_ENABLE_MODULES = YES;
				CLANG_ENABLE_OBJC_ARC = YES;
				CLANG_ENABLE_OBJC_WEAK = YES;
				CLANG_WARN_BLOCK_CAPTURE_AUTORELEASING = YES;
				CLANG_WARN_BOOL_CONVERSION = YES;
				CLANG_WARN_COMMA = YES;
				CLANG_WARN_CONSTANT_CONVERSION = YES;
				CLANG_WARN_DEPRECATED_OBJC_IMPLEMENTATIONS = YES;
				CLANG_WARN_DIRECT_OBJC_ISA_USAGE = YES_ERROR;
				CLANG_WARN_DOCUMENTATION_COMMENTS = YES;
				CLANG_WARN_EMPTY_BODY = YES;
				CLANG_WARN_ENUM_CONVERSION = YES;
				CLANG_WARN_INFINITE_RECURSION = YES;
				CLANG_WARN_INT_CONVERSION = YES;
				CLANG_WARN_NON_LITERAL_NULL_CONVERSION = YES;
				CLANG_WARN_OBJC_IMPLICIT_RETAIN_SELF = YES;
				CLANG_WARN_OBJC_LITERAL_CONVERSION = YES;
				CLANG_WARN_OBJC_ROOT_CLASS = YES_ERROR;
				CLANG_WARN_QUOTED_INCLUDE_IN_FRAMEWORK_HEADER = YES;
				CLANG_WARN_RANGE_LOOP_ANALYSIS = YES;
				CLANG_WARN_STRICT_PROTOTYPES = YES;
				CLANG_WARN_SUSPICIOUS_MOVE = YES;
				CLANG_WARN_UNGUARDED_AVAILABILITY = YES_AGGRESSIVE;
				CLANG_WARN_UNREACHABLE_CODE = YES;
				CLANG_WARN__DUPLICATE_METHOD_MATCH = YES;
				COPY_PHASE_STRIP = NO;
				DEBUG_INFORMATION_FORMAT = "dwarf-with-dsym";
				ENABLE_NS_ASSERTIONS = NO;
				ENABLE_STRICT_OBJC_MSGSEND = YES;
				ENABLE_USER_SCRIPT_SANDBOXING = YES;
				GCC_C_LANGUAGE_STANDARD = gnu17;
				GCC_NO_COMMON_BLOCKS = YES;
				GCC_WARN_64_TO_32_BIT_CONVERSION = YES;
				GCC_WARN_ABOUT_RETURN_TYPE = YES_ERROR;
				GCC_WARN_UNDECLARED_SELECTOR = YES;
				GCC_WARN_UNINITIALIZED_AUTOS = YES_AGGRESSIVE;
				GCC_WARN_UNUSED_FUNCTION = YES;
				GCC_WARN_UNUSED_VARIABLE = YES;
				IPHONEOS_DEPLOYMENT_TARGET = 17.0;
				LOCALIZATION_PREFERS_STRING_CATALOGS = YES;
				MTL_ENABLE_DEBUG_INFO = NO;
				MTL_FAST_MATH = YES;
				SDKROOT = iphoneos;
				SWIFT_COMPILATION_MODE = wholemodule;
				VALIDATE_PRODUCT = YES;
			};
			name = Release;
		};
		E2480C602AE94EB4007F7C66 /* Debug */ = {
			isa = XCBuildConfiguration;
			buildSettings = {
				ASSETCATALOG_COMPILER_APPICON_NAME = AppIcon;
				ASSETCATALOG_COMPILER_GLOBAL_ACCENT_COLOR_NAME = AccentColor;
				CODE_SIGN_STYLE = Automatic;
				CURRENT_PROJECT_VERSION = 1;
				DEVELOPMENT_TEAM = 7VCG3Q5X7H;
				GENERATE_INFOPLIST_FILE = YES;
				INFOPLIST_FILE = PokeCard/Info.plist;
				INFOPLIST_KEY_UIApplicationSupportsIndirectInputEvents = YES;
				INFOPLIST_KEY_UILaunchStoryboardName = LaunchScreen;
				INFOPLIST_KEY_UIMainStoryboardFile = "";
				INFOPLIST_KEY_UISupportedInterfaceOrientations_iPad = "UIInterfaceOrientationPortrait UIInterfaceOrientationPortraitUpsideDown UIInterfaceOrientationLandscapeLeft UIInterfaceOrientationLandscapeRight";
				INFOPLIST_KEY_UISupportedInterfaceOrientations_iPhone = "UIInterfaceOrientationPortrait UIInterfaceOrientationLandscapeLeft UIInterfaceOrientationLandscapeRight";
				LD_RUNPATH_SEARCH_PATHS = (
					"$(inherited)",
					"@executable_path/Frameworks",
				);
				MARKETING_VERSION = 1.0;
				PRODUCT_BUNDLE_IDENTIFIER = jadie.PokeCard;
				PRODUCT_NAME = "$(TARGET_NAME)";
				SUPPORTED_PLATFORMS = "iphoneos iphonesimulator";
				SUPPORTS_MACCATALYST = NO;
				SUPPORTS_MAC_DESIGNED_FOR_IPHONE_IPAD = NO;
				SWIFT_EMIT_LOC_STRINGS = YES;
				SWIFT_VERSION = 5.0;
				TARGETED_DEVICE_FAMILY = 1;
			};
			name = Debug;
		};
		E2480C612AE94EB4007F7C66 /* Release */ = {
			isa = XCBuildConfiguration;
			buildSettings = {
				ASSETCATALOG_COMPILER_APPICON_NAME = AppIcon;
				ASSETCATALOG_COMPILER_GLOBAL_ACCENT_COLOR_NAME = AccentColor;
				CODE_SIGN_STYLE = Automatic;
				CURRENT_PROJECT_VERSION = 1;
				DEVELOPMENT_TEAM = 7VCG3Q5X7H;
				GENERATE_INFOPLIST_FILE = YES;
				INFOPLIST_FILE = PokeCard/Info.plist;
				INFOPLIST_KEY_UIApplicationSupportsIndirectInputEvents = YES;
				INFOPLIST_KEY_UILaunchStoryboardName = LaunchScreen;
				INFOPLIST_KEY_UIMainStoryboardFile = "";
				INFOPLIST_KEY_UISupportedInterfaceOrientations_iPad = "UIInterfaceOrientationPortrait UIInterfaceOrientationPortraitUpsideDown UIInterfaceOrientationLandscapeLeft UIInterfaceOrientationLandscapeRight";
				INFOPLIST_KEY_UISupportedInterfaceOrientations_iPhone = "UIInterfaceOrientationPortrait UIInterfaceOrientationLandscapeLeft UIInterfaceOrientationLandscapeRight";
				LD_RUNPATH_SEARCH_PATHS = (
					"$(inherited)",
					"@executable_path/Frameworks",
				);
				MARKETING_VERSION = 1.0;
				PRODUCT_BUNDLE_IDENTIFIER = jadie.PokeCard;
				PRODUCT_NAME = "$(TARGET_NAME)";
				SUPPORTED_PLATFORMS = "iphoneos iphonesimulator";
				SUPPORTS_MACCATALYST = NO;
				SUPPORTS_MAC_DESIGNED_FOR_IPHONE_IPAD = NO;
				SWIFT_EMIT_LOC_STRINGS = YES;
				SWIFT_VERSION = 5.0;
				TARGETED_DEVICE_FAMILY = 1;
			};
			name = Release;
		};
/* End XCBuildConfiguration section */

/* Begin XCConfigurationList section */
		E2480C462AE94EB3007F7C66 /* Build configuration list for PBXProject "PokeCard" */ = {
			isa = XCConfigurationList;
			buildConfigurations = (
				E2480C5D2AE94EB4007F7C66 /* Debug */,
				E2480C5E2AE94EB4007F7C66 /* Release */,
			);
			defaultConfigurationIsVisible = 0;
			defaultConfigurationName = Release;
		};
		E2480C5F2AE94EB4007F7C66 /* Build configuration list for PBXNativeTarget "PokeCard" */ = {
			isa = XCConfigurationList;
			buildConfigurations = (
				E2480C602AE94EB4007F7C66 /* Debug */,
				E2480C612AE94EB4007F7C66 /* Release */,
			);
			defaultConfigurationIsVisible = 0;
			defaultConfigurationName = Release;
		};
/* End XCConfigurationList section */
	};
	rootObject = E2480C432AE94EB3007F7C66 /* Project object */;
}
